Microsoft Visual Studio Solution File, Format Version 12.00
# Visual Studio 2012
Project("{FAE04EC0-301F-11D3-BF4B-00C04F79EFBC}") = "MSU_2DPlatformer", "MSU_2DPlatformer.csproj", "{FAA0DF3B-C49A-4827-B040-CF5152EEDC5C}"
EndProject
Global
	GlobalSection(SolutionConfigurationPlatforms) = preSolution
	Debug|Any CPU = Debug|Any CPU
	ExportDebug|Any CPU = ExportDebug|Any CPU
	ExportRelease|Any CPU = ExportRelease|Any CPU
	EndGlobalSection
	GlobalSection(ProjectConfigurationPlatforms) = postSolution
		{FAA0DF3B-C49A-4827-B040-CF5152EEDC5C}.Debug|Any CPU.ActiveCfg = Debug|Any CPU
		{FAA0DF3B-C49A-4827-B040-CF5152EEDC5C}.Debug|Any CPU.Build.0 = Debug|Any CPU
		{FAA0DF3B-C49A-4827-B040-CF5152EEDC5C}.ExportDebug|Any CPU.ActiveCfg = ExportDebug|Any CPU
		{FAA0DF3B-C49A-4827-B040-CF5152EEDC5C}.ExportDebug|Any CPU.Build.0 = ExportDebug|Any CPU
		{FAA0DF3B-C49A-4827-B040-CF5152EEDC5C}.ExportRelease|Any CPU.ActiveCfg = ExportRelease|Any CPU
		{FAA0DF3B-C49A-4827-B040-CF5152EEDC5C}.ExportRelease|Any CPU.Build.0 = ExportRelease|Any CPU
	EndGlobalSection
EndGlobal
